
Microsoft Visual Studio Solution File, Format Version 12.00
# Visual Studio Version 16
VisualStudioVersion = 16.0.29209.62
MinimumVisualStudioVersion = 10.0.40219.1
Project("{FAE04EC0-301F-11D3-BF4B-00C04F79EFBC}") = "CM", "CM\CM.csproj", "{FFA183CB-94AE-412B-965C-139C302AEA96}"
EndProject
Global
	GlobalSection(SolutionConfigurationPlatforms) = preSolution
		Debug|Any CPU = Debug|Any CPU
		Release|Any CPU = Release|Any CPU
	EndGlobalSection
	GlobalSection(ProjectConfigurationPlatforms) = postSolution
		{FFA183CB-94AE-412B-965C-139C302AEA96}.Debug|Any CPU.ActiveCfg = Debug|Any CPU
		{FFA183CB-94AE-412B-965C-139C302AEA96}.Debug|Any CPU.Build.0 = Debug|Any CPU
		{FFA183CB-94AE-412B-965C-139C302AEA96}.Release|Any CPU.ActiveCfg = Release|Any CPU
		{FFA183CB-94AE-412B-965C-139C302AEA96}.Release|Any CPU.Build.0 = Release|Any CPU
	EndGlobalSection
	GlobalSection(SolutionProperties) = preSolution
		HideSolutionNode = FALSE
	EndGlobalSection
	GlobalSection(ExtensibilityGlobals) = postSolution
		SolutionGuid = {5774C63F-E974-4BCE-8094-C0AF37D7AC01}
	EndGlobalSection
EndGlobal
